
Microsoft Visual Studio Solution File, Format Version 11.00
# Visual Studio 2010
Project("{FAE04EC0-301F-11D3-BF4B-00C04F79EFBC}") = "MyHttpServer", "MyHttpServer\MyHttpServer.csproj", "{411E6F83-5332-462E-8DB1-276A0772799C}"
EndProject
Project("{FAE04EC0-301F-11D3-BF4B-00C04F79EFBC}") = "MvcApplication1", "MvcApplication1\MvcApplication1.csproj", "{384B6B8F-FF52-43FE-9FF7-CFE5A7B3DB95}"
EndProject
Project("{FAE04EC0-301F-11D3-BF4B-00C04F79EFBC}") = "MyHttpClient", "MyHttpClient\MyHttpClient.csproj", "{2D119487-1E7A-4C47-8C23-56A8FE219A97}"
EndProject
Project("{FAE04EC0-301F-11D3-BF4B-00C04F79EFBC}") = "GuiServer", "GuiServer\GuiServer.csproj", "{1FB4EC82-4F7D-44E6-B1D1-641E0BA1AD12}"
EndProject
Project("{FAE04EC0-301F-11D3-BF4B-00C04F79EFBC}") = "TestProject", "TestProject\TestProject.csproj", "{2AE816AD-8CEB-43BE-A78F-1EEC73BF601C}"
EndProject
Project("{2150E333-8FDC-42A3-9474-1A3956D46DE8}") = "Solution Items", "Solution Items", "{47310800-9B08-428E-9EBF-FC749D2B8FDE}"
	ProjectSection(SolutionItems) = preProject
		Local.testsettings = Local.testsettings
		MyHttpServer.vsmdi = MyHttpServer.vsmdi
		TraceAndTestImpact.testsettings = TraceAndTestImpact.testsettings
	EndProjectSection
EndProject
Project("{FAE04EC0-301F-11D3-BF4B-00C04F79EFBC}") = "MyWebSite", "MyWebSite\MyWebSite.csproj", "{08066FE0-276F-458D-9375-9F613209F243}"
EndProject
Global
	GlobalSection(TestCaseManagementSettings) = postSolution
		CategoryFile = MyHttpServer.vsmdi
	EndGlobalSection
	GlobalSection(SolutionConfigurationPlatforms) = preSolution
		Debug|Any CPU = Debug|Any CPU
		Debug|Mixed Platforms = Debug|Mixed Platforms
		Debug|x86 = Debug|x86
		Release|Any CPU = Release|Any CPU
		Release|Mixed Platforms = Release|Mixed Platforms
		Release|x86 = Release|x86
	EndGlobalSection
	GlobalSection(ProjectConfigurationPlatforms) = postSolution
		{411E6F83-5332-462E-8DB1-276A0772799C}.Debug|Any CPU.ActiveCfg = Debug|x86
		{411E6F83-5332-462E-8DB1-276A0772799C}.Debug|Mixed Platforms.ActiveCfg = Debug|x86
		{411E6F83-5332-462E-8DB1-276A0772799C}.Debug|Mixed Platforms.Build.0 = Debug|x86
		{411E6F83-5332-462E-8DB1-276A0772799C}.Debug|x86.ActiveCfg = Debug|x86
		{411E6F83-5332-462E-8DB1-276A0772799C}.Debug|x86.Build.0 = Debug|x86
		{411E6F83-5332-462E-8DB1-276A0772799C}.Release|Any CPU.ActiveCfg = Release|x86
		{411E6F83-5332-462E-8DB1-276A0772799C}.Release|Mixed Platforms.ActiveCfg = Release|x86
		{411E6F83-5332-462E-8DB1-276A0772799C}.Release|Mixed Platforms.Build.0 = Release|x86
		{411E6F83-5332-462E-8DB1-276A0772799C}.Release|x86.ActiveCfg = Release|x86
		{411E6F83-5332-462E-8DB1-276A0772799C}.Release|x86.Build.0 = Release|x86
		{384B6B8F-FF52-43FE-9FF7-CFE5A7B3DB95}.Debug|Any CPU.ActiveCfg = Debug|Any CPU
		{384B6B8F-FF52-43FE-9FF7-CFE5A7B3DB95}.Debug|Any CPU.Build.0 = Debug|Any CPU
		{384B6B8F-FF52-43FE-9FF7-CFE5A7B3DB95}.Debug|Mixed Platforms.ActiveCfg = Debug|Any CPU
		{384B6B8F-FF52-43FE-9FF7-CFE5A7B3DB95}.Debug|Mixed Platforms.Build.0 = Debug|Any CPU
		{384B6B8F-FF52-43FE-9FF7-CFE5A7B3DB95}.Debug|x86.ActiveCfg = Debug|Any CPU
		{384B6B8F-FF52-43FE-9FF7-CFE5A7B3DB95}.Release|Any CPU.ActiveCfg = Release|Any CPU
		{384B6B8F-FF52-43FE-9FF7-CFE5A7B3DB95}.Release|Any CPU.Build.0 = Release|Any CPU
		{384B6B8F-FF52-43FE-9FF7-CFE5A7B3DB95}.Release|Mixed Platforms.ActiveCfg = Release|Any CPU
		{384B6B8F-FF52-43FE-9FF7-CFE5A7B3DB95}.Release|Mixed Platforms.Build.0 = Release|Any CPU
		{384B6B8F-FF52-43FE-9FF7-CFE5A7B3DB95}.Release|x86.ActiveCfg = Release|Any CPU
		{2D119487-1E7A-4C47-8C23-56A8FE219A97}.Debug|Any CPU.ActiveCfg = Debug|x86
		{2D119487-1E7A-4C47-8C23-56A8FE219A97}.Debug|Mixed Platforms.ActiveCfg = Debug|x86
		{2D119487-1E7A-4C47-8C23-56A8FE219A97}.Debug|Mixed Platforms.Build.0 = Debug|x86
		{2D119487-1E7A-4C47-8C23-56A8FE219A97}.Debug|x86.ActiveCfg = Debug|x86
		{2D119487-1E7A-4C47-8C23-56A8FE219A97}.Debug|x86.Build.0 = Debug|x86
		{2D119487-1E7A-4C47-8C23-56A8FE219A97}.Release|Any CPU.ActiveCfg = Release|x86
		{2D119487-1E7A-4C47-8C23-56A8FE219A97}.Release|Mixed Platforms.ActiveCfg = Release|x86
		{2D119487-1E7A-4C47-8C23-56A8FE219A97}.Release|Mixed Platforms.Build.0 = Release|x86
		{2D119487-1E7A-4C47-8C23-56A8FE219A97}.Release|x86.ActiveCfg = Release|x86
		{2D119487-1E7A-4C47-8C23-56A8FE219A97}.Release|x86.Build.0 = Release|x86
		{1FB4EC82-4F7D-44E6-B1D1-641E0BA1AD12}.Debug|Any CPU.ActiveCfg = Debug|x86
		{1FB4EC82-4F7D-44E6-B1D1-641E0BA1AD12}.Debug|Mixed Platforms.ActiveCfg = Debug|x86
		{1FB4EC82-4F7D-44E6-B1D1-641E0BA1AD12}.Debug|Mixed Platforms.Build.0 = Debug|x86
		{1FB4EC82-4F7D-44E6-B1D1-641E0BA1AD12}.Debug|x86.ActiveCfg = Debug|x86
		{1FB4EC82-4F7D-44E6-B1D1-641E0BA1AD12}.Debug|x86.Build.0 = Debug|x86
		{1FB4EC82-4F7D-44E6-B1D1-641E0BA1AD12}.Release|Any CPU.ActiveCfg = Release|x86
		{1FB4EC82-4F7D-44E6-B1D1-641E0BA1AD12}.Release|Mixed Platforms.ActiveCfg = Release|x86
		{1FB4EC82-4F7D-44E6-B1D1-641E0BA1AD12}.Release|Mixed Platforms.Build.0 = Release|x86
		{1FB4EC82-4F7D-44E6-B1D1-641E0BA1AD12}.Release|x86.ActiveCfg = Release|x86
		{1FB4EC82-4F7D-44E6-B1D1-641E0BA1AD12}.Release|x86.Build.0 = Release|x86
		{2AE816AD-8CEB-43BE-A78F-1EEC73BF601C}.Debug|Any CPU.ActiveCfg = Debug|Any CPU
		{2AE816AD-8CEB-43BE-A78F-1EEC73BF601C}.Debug|Any CPU.Build.0 = Debug|Any CPU
		{2AE816AD-8CEB-43BE-A78F-1EEC73BF601C}.Debug|Mixed Platforms.ActiveCfg = Debug|Any CPU
		{2AE816AD-8CEB-43BE-A78F-1EEC73BF601C}.Debug|Mixed Platforms.Build.0 = Debug|Any CPU
		{2AE816AD-8CEB-43BE-A78F-1EEC73BF601C}.Debug|x86.ActiveCfg = Debug|Any CPU
		{2AE816AD-8CEB-43BE-A78F-1EEC73BF601C}.Release|Any CPU.ActiveCfg = Release|Any CPU
		{2AE816AD-8CEB-43BE-A78F-1EEC73BF601C}.Release|Any CPU.Build.0 = Release|Any CPU
		{2AE816AD-8CEB-43BE-A78F-1EEC73BF601C}.Release|Mixed Platforms.ActiveCfg = Release|Any CPU
		{2AE816AD-8CEB-43BE-A78F-1EEC73BF601C}.Release|Mixed Platforms.Build.0 = Release|Any CPU
		{2AE816AD-8CEB-43BE-A78F-1EEC73BF601C}.Release|x86.ActiveCfg = Release|Any CPU
		{08066FE0-276F-458D-9375-9F613209F243}.Debug|Any CPU.ActiveCfg = Debug|Any CPU
		{08066FE0-276F-458D-9375-9F613209F243}.Debug|Any CPU.Build.0 = Debug|Any CPU
		{08066FE0-276F-458D-9375-9F613209F243}.Debug|Mixed Platforms.ActiveCfg = Debug|Any CPU
		{08066FE0-276F-458D-9375-9F613209F243}.Debug|Mixed Platforms.Build.0 = Debug|Any CPU
		{08066FE0-276F-458D-9375-9F613209F243}.Debug|x86.ActiveCfg = Debug|Any CPU
		{08066FE0-276F-458D-9375-9F613209F243}.Release|Any CPU.ActiveCfg = Release|Any CPU
		{08066FE0-276F-458D-9375-9F613209F243}.Release|Any CPU.Build.0 = Release|Any CPU
		{08066FE0-276F-458D-9375-9F613209F243}.Release|Mixed Platforms.ActiveCfg = Release|Any CPU
		{08066FE0-276F-458D-9375-9F613209F243}.Release|Mixed Platforms.Build.0 = Release|Any CPU
		{08066FE0-276F-458D-9375-9F613209F243}.Release|x86.ActiveCfg = Release|Any CPU
	EndGlobalSection
	GlobalSection(SolutionProperties) = preSolution
		HideSolutionNode = FALSE
	EndGlobalSection
EndGlobal
